// !$*UTF8*$!
{
	archiveVersion = 1;
	classes = {
	};
	objectVersion = 46;
	objects = {

		02141AFA26D12BD580A06BE7 = {isa = PBXBuildFile; fileRef = C46BDDD9F69BB7A5E1D22C87; };
		E130D981E9388263D09589AA = {isa = PBXBuildFile; fileRef = 95782E3F084A4C76DB7ED724; };
		5DA0A47335C8448C30CEC39B = {isa = PBXBuildFile; fileRef = CFDF8A75136DC31120BD155A; };
		F2EA08944F9E81938A6D635C = {isa = PBXBuildFile; fileRef = E669AF5EA9F68CD2B436D4A2; };
		F2ED9934C2C78B7E8AA56E3E = {isa = PBXBuildFile; fileRef = 76B51CB5AE6990D22A807A2D; };
		EA250A11063BEC4F5A729EE4 = {isa = PBXBuildFile; fileRef = 2C54A63ABB9833A9B53AFF91; };
		BD3C008703645FC3FD4BDA07 = {isa = PBXBuildFile; fileRef = AF579C856EFB519F0FE9A347; };
		73F2EB5FE1E8C389F54EED0B = {isa = PBXBuildFile; fileRef = EAEFF12C5D52ED4A1E44AB26; };
		2DD2A631A1D05CBE9ABA05A2 = {isa = PBXBuildFile; fileRef = B223EC357C0A656C7CFE90CA; };
		56C6222C487878BBF96D5072 = {isa = PBXBuildFile; fileRef = 24C8E98671B62BDEA319E7B3; };
		1A3E961E73D6F21880884E9C = {isa = PBXBuildFile; fileRef = 38EED8D4C662747ED0219DE6; };
		B865AA193904F843D62A4708 = {isa = PBXBuildFile; fileRef = 2CDCF53E9AF123760E8CEBD6; };
		3D598A475279380532D2CB11 = {isa = PBXBuildFile; fileRef = 5E11AE9687193D4E423F0450; };
		954FC17C90939466F2642FD1 = {isa = PBXBuildFile; fileRef = 2CE050870D8D0AF494A08253; };
		7DAE44DA96497E3361158582 = {isa = PBXBuildFile; fileRef = CF9BC657B23DF4CC1D2A0B7A; };
		FF5FD6B3EB2F99CE760D495A = {isa = PBXBuildFile; fileRef = D216240241E6D6A112C509C4; };
		772FC74655BBAAC753ED6A5D = {isa = PBXBuildFile; fileRef = 59A8F299611FDEE123C74C47; };
		0DC153623350AF7201D357CD = {isa = PBXBuildFile; fileRef = 3F6027B959F5652F329BD3D5; };
		634D898D9347B408D3B17CEF = {isa = PBXBuildFile; fileRef = 7E36D64FD35A6D32A22F6CA0; };
		A3BF4A90A7F3B8682039D95A = {isa = PBXBuildFile; fileRef = 674F7C093678FED9A56BEA91; };
		9A8EE712F0A3A4F3CF8AA37A = {isa = PBXBuildFile; fileRef = 25F8ACAB62AD39CF201B1811; };
		BCE36E40F4B97D0F31A1D76A = {isa = PBXBuildFile; fileRef = 36D0964DFC9A4B818B303E44; };
		2EDF9899DAF4005523E2D72D = {isa = PBXBuildFile; fileRef = 2AD2B614A25679DDD719D361; };
		9187FCEEA4DE208017474763 = {isa = PBXBuildFile; fileRef = 945BF13C044FBDC2824679B4; };
		210FFE008A62E3B7289C1BC3 = {isa = PBXBuildFile; fileRef = CE25AA9E33A4EE67D2FD39C1; };
		2A85855C4B4B2E781EF9C730 = {isa = PBXBuildFile; fileRef = B4CAC5625B2F9E83C86C8574; };
		660F39D9E6905A2E3637F9E1 = {isa = PBXBuildFile; fileRef = 859DC5A41429A88232A11A98; };
		69CBE4AC5CE68A00D7930094 = {isa = PBXBuildFile; fileRef = EC4FC949C5AFAF666A6E6CFB; };
		CE46D5987FAF2A20FC44DE8B = {isa = PBXBuildFile; fileRef = EF43D4D628EB35D3AE240447; };
		BB9887A35A5ECFE1F434F5FB = {isa = PBXBuildFile; fileRef = B7016BE47370A09986503643; };
		F8EB5E061FB1A7B64F95B718 = {isa = PBXBuildFile; fileRef = 80FFF562F8A3B947A080BDF8; };
		E689BB714FA87B0DF43C2665 = {isa = PBXBuildFile; fileRef = C107FE3A944399560E7108FA; };
		390BAE4DEB5E427BD4738E6B = {isa = PBXBuildFile; fileRef = 360A66ACE71C42A4F2AEBC01; };
		8B8DF75EE75F49830A14001C = {isa = PBXBuildFile; fileRef = 6E2791EEBA61DC39E600C728; };
		636515E8717C05024C3A482D = {isa = PBXBuildFile; fileRef = DD64EF2A253A5B715E772EF3; };
		709F0065320EDD6FE28E55FA = {isa = PBXBuildFile; fileRef = CC7C85EB97FAEF001DE02925; };
		FAA10F3E53B5C8A9898CD976 = {isa = PBXBuildFile; fileRef = 9B014EFB7C9DB2D5F98947A8; };
		D1681FB18B9CC51CE3332E14 = {isa = PBXBuildFile; fileRef = 3F72FBCDBA401ACCAFFE6325; };
		C8A48A85B032C560F36A7A61 = {isa = PBXBuildFile; fileRef = 7BEC5FD4D088556D5206EE44; };
		6B60E33AFA21954F74550C00 = {isa = PBXBuildFile; fileRef = AA3A796751A3BE96CA3E18ED; };
		71B5DB58D4F58BB6F4F2AA0F = {isa = PBXBuildFile; fileRef = B842DE9C25300C224B5BD286; };
		D9B19FE5267EAF1D3038B735 = {isa = PBXBuildFile; fileRef = 11EDF8902E5BBE2854C90C19; };
		A74BBA2B39B4EF6F2EC7A6F8 = {isa = PBXBuildFile; fileRef = CA49A3B78F8D89D154C037F8; };
		01FD543077E404AE4588D416 = {isa = PBXFileReference; lastKnownFileType = sourcecode.c.h; name = SynthVoice.h; path = ../../Source/SynthVoice.h; sourceTree = "SOURCE_ROOT"; };
		0237C3E9DD8EAA9ADB236CA9 = {isa = PBXFileReference; lastKnownFileType = file; name = "juce_gui_basics"; path = "../../JuceLibraryCode/modules/juce_gui_basics"; sourceTree = "SOURCE_ROOT"; };
		11EDF8902E5BBE2854C90C19 = {isa = PBXFileReference; lastKnownFileType = sourcecode.cpp.objcpp; name = "include_juce_gui_basics.mm"; path = "../../JuceLibraryCode/include_juce_gui_basics.mm"; sourceTree = "SOURCE_ROOT"; };
		1A171C116C2AE78891FE633E = {isa = PBXFileReference; lastKnownFileType = sourcecode.c.h; name = SynthEnvelopeGenerator.h; path = ../../Source/SynthEnvelopeGenerator.h; sourceTree = "SOURCE_ROOT"; };
		20BBCB585A6293324881AE5E = {isa = PBXFileReference; lastKnownFileType = sourcecode.c.h; name = PluginEditor.h; path = ../../Source/PluginEditor.h; sourceTree = "SOURCE_ROOT"; };
		21F05F816EF7CBBEC98E2481 = {isa = PBXFileReference; lastKnownFileType = file; name = "juce_audio_plugin_client"; path = "../../JuceLibraryCode/modules/juce_audio_plugin_client"; sourceTree = "SOURCE_ROOT"; };
		24C8E98671B62BDEA319E7B3 = {isa = PBXFileReference; lastKnownFileType = wrapper.framework; name = CoreAudioKit.framework; path = System/Library/Frameworks/CoreAudioKit.framework; sourceTree = SDKROOT; };
		25F8ACAB62AD39CF201B1811 = {isa = PBXFileReference; lastKnownFileType = sourcecode.cpp.cpp; name = GuiTabs.cpp; path = ../../Source/GuiTabs.cpp; sourceTree = "SOURCE_ROOT"; };
		2AD2B614A25679DDD719D361 = {isa = PBXFileReference; lastKnownFileType = sourcecode.cpp.cpp; name = SynthEnvelopeGenerator.cpp; path = ../../Source/SynthEnvelopeGenerator.cpp; sourceTree = "SOURCE_ROOT"; };
		2C54A63ABB9833A9B53AFF91 = {isa = PBXFileReference; lastKnownFileType = wrapper.framework; name = AudioUnit.framework; path = System/Library/Frameworks/AudioUnit.framework; sourceTree = SDKROOT; };
		2CDCF53E9AF123760E8CEBD6 = {isa = PBXFileReference; lastKnownFileType = wrapper.framework; name = IOKit.framework; path = System/Library/Frameworks/IOKit.framework; sourceTree = SDKROOT; };
		2CE050870D8D0AF494A08253 = {isa = PBXFileReference; lastKnownFileType = wrapper.framework; name = WebKit.framework; path = System/Library/Frameworks/WebKit.framework; sourceTree = SDKROOT; };
		2D63EE5633223C6492596395 = {isa = PBXFileReference; lastKnownFileType = file; name = "juce_core"; path = "../../JuceLibraryCode/modules/juce_core"; sourceTree = "SOURCE_ROOT"; };
		2DB2EFA025E80C821EB6D6DA = {isa = PBXFileReference; lastKnownFileType = sourcecode.c.h; name = GuiTabs.h; path = ../../Source/GuiTabs.h; sourceTree = "SOURCE_ROOT"; };
		360A66ACE71C42A4F2AEBC01 = {isa = PBXFileReference; lastKnownFileType = sourcecode.cpp.objcpp; name = "include_juce_audio_plugin_client_AU_2.mm"; path = "../../JuceLibraryCode/include_juce_audio_plugin_client_AU_2.mm"; sourceTree = "SOURCE_ROOT"; };
		36D0964DFC9A4B818B303E44 = {isa = PBXFileReference; lastKnownFileType = sourcecode.cpp.cpp; name = Synth.cpp; path = ../../Source/Synth.cpp; sourceTree = "SOURCE_ROOT"; };
		38EED8D4C662747ED0219DE6 = {isa = PBXFileReference; lastKnownFileType = wrapper.framework; name = CoreMIDI.framework; path = System/Library/Frameworks/CoreMIDI.framework; sourceTree = SDKROOT; };
		3B2ADC5BD7BE9D37F562B94B = {isa = PBXFileReference; lastKnownFileType = file; name = "juce_events"; path = "../../JuceLibraryCode/modules/juce_events"; sourceTree = "SOURCE_ROOT"; };
		3BA2D702E097148E9F519431 = {isa = PBXFileReference; lastKnownFileType = sourcecode.c.h; name = SynthSound.h; path = ../../Source/SynthSound.h; sourceTree = "SOURCE_ROOT"; };
		3F6027B959F5652F329BD3D5 = {isa = PBXFileReference; lastKnownFileType = sourcecode.cpp.cpp; name = GuiEgTab.cpp; path = ../../Source/GuiEgTab.cpp; sourceTree = "SOURCE_ROOT"; };
		3F72FBCDBA401ACCAFFE6325 = {isa = PBXFileReference; lastKnownFileType = sourcecode.cpp.objcpp; name = "include_juce_core.mm"; path = "../../JuceLibraryCode/include_juce_core.mm"; sourceTree = "SOURCE_ROOT"; };
		52C8373585617FBD643E15B0 = {isa = PBXFileReference; lastKnownFileType = file; name = "juce_audio_processors"; path = "../../JuceLibraryCode/modules/juce_audio_processors"; sourceTree = "SOURCE_ROOT"; };
		5368E018E21F3786E8F3B408 = {isa = PBXFileReference; lastKnownFileType = sourcecode.c.h; name = SynthParameters.h; path = ../../Source/SynthParameters.h; sourceTree = "SOURCE_ROOT"; };
		59A8F299611FDEE123C74C47 = {isa = PBXFileReference; lastKnownFileType = sourcecode.cpp.cpp; name = PluginEditor.cpp; path = ../../Source/PluginEditor.cpp; sourceTree = "SOURCE_ROOT"; };
		5E11AE9687193D4E423F0450 = {isa = PBXFileReference; lastKnownFileType = wrapper.framework; name = QuartzCore.framework; path = System/Library/Frameworks/QuartzCore.framework; sourceTree = SDKROOT; };
		5E9492B5705821F4C66B8623 = {isa = PBXFileReference; lastKnownFileType = file; name = "juce_graphics"; path = "../../JuceLibraryCode/modules/juce_graphics"; sourceTree = "SOURCE_ROOT"; };
		674F7C093678FED9A56BEA91 = {isa = PBXFileReference; lastKnownFileType = sourcecode.cpp.cpp; name = GuiOscTab.cpp; path = ../../Source/GuiOscTab.cpp; sourceTree = "SOURCE_ROOT"; };
		6E2791EEBA61DC39E600C728 = {isa = PBXFileReference; lastKnownFileType = sourcecode.cpp.cpp; name = "include_juce_audio_plugin_client_utils.cpp"; path = "../../JuceLibraryCode/include_juce_audio_plugin_client_utils.cpp"; sourceTree = "SOURCE_ROOT"; };
		76031C5BD93E454482275C80 = {isa = PBXFileReference; lastKnownFileType = sourcecode.c.h; name = PluginProcessor.h; path = ../../Source/PluginProcessor.h; sourceTree = "SOURCE_ROOT"; };
		76B51CB5AE6990D22A807A2D = {isa = PBXFileReference; lastKnownFileType = wrapper.framework; name = AudioToolbox.framework; path = System/Library/Frameworks/AudioToolbox.framework; sourceTree = SDKROOT; };
		7BEC5FD4D088556D5206EE44 = {isa = PBXFileReference; lastKnownFileType = sourcecode.cpp.objcpp; name = "include_juce_data_structures.mm"; path = "../../JuceLibraryCode/include_juce_data_structures.mm"; sourceTree = "SOURCE_ROOT"; };
		7E36D64FD35A6D32A22F6CA0 = {isa = PBXFileReference; lastKnownFileType = sourcecode.cpp.cpp; name = GuiMainTab.cpp; path = ../../Source/GuiMainTab.cpp; sourceTree = "SOURCE_ROOT"; };
		80FFF562F8A3B947A080BDF8 = {isa = PBXFileReference; lastKnownFileType = file.r; name = "include_juce_audio_plugin_client_AU.r"; path = "../../JuceLibraryCode/include_juce_audio_plugin_client_AU.r"; sourceTree = "SOURCE_ROOT"; };
		859DC5A41429A88232A11A98 = {isa = PBXFileReference; lastKnownFileType = sourcecode.cpp.cpp; name = SynthVoice.cpp; path = ../../Source/SynthVoice.cpp; sourceTree = "SOURCE_ROOT"; };
		8E4ADDC3935C733814037B5C = {isa = PBXFileReference; lastKnownFileType = file; name = "juce_audio_devices"; path = "../../JuceLibraryCode/modules/juce_audio_devices"; sourceTree = "SOURCE_ROOT"; };
		8E4C0E879575CEFCC0493AE9 = {isa = PBXFileReference; lastKnownFileType = text.plist.xml; name = VanillaJuce.entitlements; path = VanillaJuce.entitlements; sourceTree = "SOURCE_ROOT"; };
		8FFB698D731242E242CBB305 = {isa = PBXFileReference; lastKnownFileType = sourcecode.c.h; name = GuiEgTab.h; path = ../../Source/GuiEgTab.h; sourceTree = "SOURCE_ROOT"; };
		92ADCB424BEE6AEB630D5AF9 = {isa = PBXFileReference; lastKnownFileType = file; name = "juce_gui_extra"; path = "../../JuceLibraryCode/modules/juce_gui_extra"; sourceTree = "SOURCE_ROOT"; };
		945BF13C044FBDC2824679B4 = {isa = PBXFileReference; lastKnownFileType = sourcecode.cpp.cpp; name = SynthOscillator.cpp; path = ../../Source/SynthOscillator.cpp; sourceTree = "SOURCE_ROOT"; };
		987EBF336E52D38D218C85DA = {isa = PBXFileReference; lastKnownFileType = sourcecode.c.h; name = Synth.h; path = ../../Source/Synth.h; sourceTree = "SOURCE_ROOT"; };
		9B014EFB7C9DB2D5F98947A8 = {isa = PBXFileReference; lastKnownFileType = sourcecode.cpp.objcpp; name = "include_juce_audio_processors.mm"; path = "../../JuceLibraryCode/include_juce_audio_processors.mm"; sourceTree = "SOURCE_ROOT"; };
		9B40E8CDA6CE2FEE0837EF72 = {isa = PBXFileReference; lastKnownFileType = sourcecode.c.h; name = GuiOscTab.h; path = ../../Source/GuiOscTab.h; sourceTree = "SOURCE_ROOT"; };
		9BA5F651B5F3A004AF22E063 = {isa = PBXFileReference; lastKnownFileType = text.plist.xml; name = "Info-VST.plist"; path = "Info-VST.plist"; sourceTree = "SOURCE_ROOT"; };
		A393EC2173DEE0BB0DFA96CA = {isa = PBXFileReference; lastKnownFileType = sourcecode.c.h; name = GuiMainTab.h; path = ../../Source/GuiMainTab.h; sourceTree = "SOURCE_ROOT"; };
		A585AD74B78A5E4D3EF70934 = {isa = PBXFileReference; lastKnownFileType = sourcecode.c.h; name = JuceHeader.h; path = ../../JuceLibraryCode/JuceHeader.h; sourceTree = "SOURCE_ROOT"; };
		AE69683A764E686879EBDB59 = {isa = PBXFileReference; lastKnownFileType = sourcecode.c.h; name = SynthWaveform.h; path = ../../Source/SynthWaveform.h; sourceTree = "SOURCE_ROOT"; };
		C46BDDD9F69BB7A5E1D22C87 = {isa = PBXFileReference; explicitFileType = wrapper.cfbundle; includeInIndex = 0; path = VanillaJuce.vst; sourceTree = "BUILT_PRODUCTS_DIR"; };
		95782E3F084A4C76DB7ED724 = {isa = PBXFileReference; explicitFileType = wrapper.cfbundle; includeInIndex = 0; path = VanillaJuce.component; sourceTree = "BUILT_PRODUCTS_DIR"; };
		AA3A796751A3BE96CA3E18ED = {isa = PBXFileReference; lastKnownFileType = sourcecode.cpp.objcpp; name = "include_juce_events.mm"; path = "../../JuceLibraryCode/include_juce_events.mm"; sourceTree = "SOURCE_ROOT"; };
		AF579C856EFB519F0FE9A347 = {isa = PBXFileReference; lastKnownFileType = wrapper.framework; name = Carbon.framework; path = System/Library/Frameworks/Carbon.framework; sourceTree = SDKROOT; };
		B223EC357C0A656C7CFE90CA = {isa = PBXFileReference; lastKnownFileType = wrapper.framework; name = CoreAudio.framework; path = System/Library/Frameworks/CoreAudio.framework; sourceTree = SDKROOT; };
		B4CAC5625B2F9E83C86C8574 = {isa = PBXFileReference; lastKnownFileType = sourcecode.cpp.cpp; name = SynthSound.cpp; path = ../../Source/SynthSound.cpp; sourceTree = "SOURCE_ROOT"; };
		B7016BE47370A09986503643 = {isa = PBXFileReference; lastKnownFileType = sourcecode.cpp.objcpp; name = "include_juce_audio_devices.mm"; path = "../../JuceLibraryCode/include_juce_audio_devices.mm"; sourceTree = "SOURCE_ROOT"; };
		B842DE9C25300C224B5BD286 = {isa = PBXFileReference; lastKnownFileType = sourcecode.cpp.objcpp; name = "include_juce_graphics.mm"; path = "../../JuceLibraryCode/include_juce_graphics.mm"; sourceTree = "SOURCE_ROOT"; };
		C037358A7D40013505A1DC6B = {isa = PBXFileReference; lastKnownFileType = text.plist.xml; name = "Info-AU.plist"; path = "Info-AU.plist"; sourceTree = "SOURCE_ROOT"; };
		C107FE3A944399560E7108FA = {isa = PBXFileReference; lastKnownFileType = sourcecode.cpp.objcpp; name = "include_juce_audio_plugin_client_AU_1.mm"; path = "../../JuceLibraryCode/include_juce_audio_plugin_client_AU_1.mm"; sourceTree = "SOURCE_ROOT"; };
		CA49A3B78F8D89D154C037F8 = {isa = PBXFileReference; lastKnownFileType = sourcecode.cpp.objcpp; name = "include_juce_gui_extra.mm"; path = "../../JuceLibraryCode/include_juce_gui_extra.mm"; sourceTree = "SOURCE_ROOT"; };
		CC7C85EB97FAEF001DE02925 = {isa = PBXFileReference; lastKnownFileType = sourcecode.cpp.cpp; name = "include_juce_audio_plugin_client_VST2.cpp"; path = "../../JuceLibraryCode/include_juce_audio_plugin_client_VST2.cpp"; sourceTree = "SOURCE_ROOT"; };
		CE25AA9E33A4EE67D2FD39C1 = {isa = PBXFileReference; lastKnownFileType = sourcecode.cpp.cpp; name = SynthParameters.cpp; path = ../../Source/SynthParameters.cpp; sourceTree = "SOURCE_ROOT"; };
		CF9BC657B23DF4CC1D2A0B7A = {isa = PBXFileReference; lastKnownFileType = file.nib; name = RecentFilesMenuTemplate.nib; path = RecentFilesMenuTemplate.nib; sourceTree = "SOURCE_ROOT"; };
		CFDF8A75136DC31120BD155A = {isa = PBXFileReference; explicitFileType = archive.ar; includeInIndex = 0; path = libVanillaJuce.a; sourceTree = "BUILT_PRODUCTS_DIR"; };
		D216240241E6D6A112C509C4 = {isa = PBXFileReference; lastKnownFileType = sourcecode.cpp.cpp; name = PluginProcessor.cpp; path = ../../Source/PluginProcessor.cpp; sourceTree = "SOURCE_ROOT"; };
		DD64EF2A253A5B715E772EF3 = {isa = PBXFileReference; lastKnownFileType = sourcecode.cpp.objcpp; name = "include_juce_audio_plugin_client_VST_utils.mm"; path = "../../JuceLibraryCode/include_juce_audio_plugin_client_VST_utils.mm"; sourceTree = "SOURCE_ROOT"; };
		DE43788F7EE7FC346179D4BE = {isa = PBXFileReference; lastKnownFileType = sourcecode.c.h; name = SynthOscillator.h; path = ../../Source/SynthOscillator.h; sourceTree = "SOURCE_ROOT"; };
		E669AF5EA9F68CD2B436D4A2 = {isa = PBXFileReference; lastKnownFileType = wrapper.framework; name = Accelerate.framework; path = System/Library/Frameworks/Accelerate.framework; sourceTree = SDKROOT; };
		EAEFF12C5D52ED4A1E44AB26 = {isa = PBXFileReference; lastKnownFileType = wrapper.framework; name = Cocoa.framework; path = System/Library/Frameworks/Cocoa.framework; sourceTree = SDKROOT; };
		EC4FC949C5AFAF666A6E6CFB = {isa = PBXFileReference; lastKnownFileType = sourcecode.cpp.cpp; name = SynthWaveform.cpp; path = ../../Source/SynthWaveform.cpp; sourceTree = "SOURCE_ROOT"; };
		EF43D4D628EB35D3AE240447 = {isa = PBXFileReference; lastKnownFileType = sourcecode.cpp.objcpp; name = "include_juce_audio_basics.mm"; path = "../../JuceLibraryCode/include_juce_audio_basics.mm"; sourceTree = "SOURCE_ROOT"; };
		F2634747C9C617BD4BC87F0B = {isa = PBXFileReference; lastKnownFileType = sourcecode.c.h; name = AppConfig.h; path = ../../JuceLibraryCode/AppConfig.h; sourceTree = "SOURCE_ROOT"; };
		F489D51ECCC0CAB7E0845238 = {isa = PBXFileReference; lastKnownFileType = file; name = "juce_audio_basics"; path = "../../JuceLibraryCode/modules/juce_audio_basics"; sourceTree = "SOURCE_ROOT"; };
		F800075AF3C5B66538C646F4 = {isa = PBXFileReference; lastKnownFileType = file; name = "juce_data_structures"; path = "../../JuceLibraryCode/modules/juce_data_structures"; sourceTree = "SOURCE_ROOT"; };
		D6B835288B2F676EA2874A78 = {isa = PBXGroup; children = (
					D216240241E6D6A112C509C4,
					76031C5BD93E454482275C80,
					59A8F299611FDEE123C74C47,
					20BBCB585A6293324881AE5E, ); name = "_Plugin"; sourceTree = "<group>"; };
		AF432E034B4E5BE7A30B2608 = {isa = PBXGroup; children = (
					3F6027B959F5652F329BD3D5,
					8FFB698D731242E242CBB305,
					7E36D64FD35A6D32A22F6CA0,
					A393EC2173DEE0BB0DFA96CA,
					674F7C093678FED9A56BEA91,
					9B40E8CDA6CE2FEE0837EF72,
					25F8ACAB62AD39CF201B1811,
					2DB2EFA025E80C821EB6D6DA, ); name = Editor/GUI; sourceTree = "<group>"; };
		9C4D7DA5051E1B32D82F13F7 = {isa = PBXGroup; children = (
					36D0964DFC9A4B818B303E44,
					987EBF336E52D38D218C85DA,
					2AD2B614A25679DDD719D361,
					1A171C116C2AE78891FE633E,
					945BF13C044FBDC2824679B4,
					DE43788F7EE7FC346179D4BE,
					CE25AA9E33A4EE67D2FD39C1,
					5368E018E21F3786E8F3B408,
					B4CAC5625B2F9E83C86C8574,
					3BA2D702E097148E9F519431,
					859DC5A41429A88232A11A98,
					01FD543077E404AE4588D416,
					EC4FC949C5AFAF666A6E6CFB,
					AE69683A764E686879EBDB59, ); name = Synth; sourceTree = "<group>"; };
		042A71275664CA8DC80C8A71 = {isa = PBXGroup; children = (
					D6B835288B2F676EA2874A78,
					AF432E034B4E5BE7A30B2608,
					9C4D7DA5051E1B32D82F13F7, ); name = Source; sourceTree = "<group>"; };
		35FA2AF42D949D3789B433CD = {isa = PBXGroup; children = (
					042A71275664CA8DC80C8A71, ); name = VanillaJuce; sourceTree = "<group>"; };
		51E890CE6FB001E31467F958 = {isa = PBXGroup; children = (
					F489D51ECCC0CAB7E0845238,
					8E4ADDC3935C733814037B5C,
					21F05F816EF7CBBEC98E2481,
					52C8373585617FBD643E15B0,
					2D63EE5633223C6492596395,
					F800075AF3C5B66538C646F4,
					3B2ADC5BD7BE9D37F562B94B,
					5E9492B5705821F4C66B8623,
					0237C3E9DD8EAA9ADB236CA9,
					92ADCB424BEE6AEB630D5AF9, ); name = "Juce Modules"; sourceTree = "<group>"; };
		47584BF59FF8F383824FD57E = {isa = PBXGroup; children = (
					F2634747C9C617BD4BC87F0B,
					EF43D4D628EB35D3AE240447,
					B7016BE47370A09986503643,
					80FFF562F8A3B947A080BDF8,
					C107FE3A944399560E7108FA,
					360A66ACE71C42A4F2AEBC01,
					6E2791EEBA61DC39E600C728,
					DD64EF2A253A5B715E772EF3,
					CC7C85EB97FAEF001DE02925,
					9B014EFB7C9DB2D5F98947A8,
					3F72FBCDBA401ACCAFFE6325,
					7BEC5FD4D088556D5206EE44,
					AA3A796751A3BE96CA3E18ED,
					B842DE9C25300C224B5BD286,
					11EDF8902E5BBE2854C90C19,
					CA49A3B78F8D89D154C037F8,
					A585AD74B78A5E4D3EF70934, ); name = "Juce Library Code"; sourceTree = "<group>"; };
		5AB92C3DB08C684D4BC43CE1 = {isa = PBXGroup; children = (
					9BA5F651B5F3A004AF22E063,
					C037358A7D40013505A1DC6B,
					CF9BC657B23DF4CC1D2A0B7A, ); name = Resources; sourceTree = "<group>"; };
		E20C0B9C9B2F7C90C850EF41 = {isa = PBXGroup; children = (
					E669AF5EA9F68CD2B436D4A2,
					76B51CB5AE6990D22A807A2D,
					2C54A63ABB9833A9B53AFF91,
					AF579C856EFB519F0FE9A347,
					EAEFF12C5D52ED4A1E44AB26,
					B223EC357C0A656C7CFE90CA,
					24C8E98671B62BDEA319E7B3,
					38EED8D4C662747ED0219DE6,
					2CDCF53E9AF123760E8CEBD6,
					5E11AE9687193D4E423F0450,
					2CE050870D8D0AF494A08253, ); name = Frameworks; sourceTree = "<group>"; };
		8D6568EA51AAE07964A1CB6A = {isa = PBXGroup; children = (
					C46BDDD9F69BB7A5E1D22C87,
					95782E3F084A4C76DB7ED724,
					CFDF8A75136DC31120BD155A, ); name = Products; sourceTree = "<group>"; };
		1D20EC05B1CE0F0DDC93FCB7 = {isa = PBXGroup; children = (
					8E4C0E879575CEFCC0493AE9,
					35FA2AF42D949D3789B433CD,
					51E890CE6FB001E31467F958,
					47584BF59FF8F383824FD57E,
					5AB92C3DB08C684D4BC43CE1,
					E20C0B9C9B2F7C90C850EF41,
					8D6568EA51AAE07964A1CB6A, ); name = Source; sourceTree = "<group>"; };
		AE7F0B2BF8781497CC602513 = {isa = XCBuildConfiguration; buildSettings = {
				MACOSX_DEPLOYMENT_TARGET = 10.11; }; name = Debug; };
		F4547C8113D325AE0ABE2E0D = {isa = XCBuildConfiguration; buildSettings = {
				MACOSX_DEPLOYMENT_TARGET = 10.11; }; name = Release; };
		2832D1F220211ED9AF8779D2 = {isa = XCBuildConfiguration; buildSettings = {
				CLANG_CXX_LANGUAGE_STANDARD = "c++11";
				CLANG_LINK_OBJC_RUNTIME = NO;
				COMBINE_HIDPI_IMAGES = YES;
				CONFIGURATION_BUILD_DIR = "$(PROJECT_DIR)/build/$(CONFIGURATION)";
				COPY_PHASE_STRIP = NO;
				DEPLOYMENT_LOCATION = YES;
				DSTROOT = /;
				GCC_DYNAMIC_NO_PIC = NO;
				GCC_OPTIMIZATION_LEVEL = 0;
				GCC_PREPROCESSOR_DEFINITIONS = (
					"_DEBUG=1",
					"DEBUG=1",
					"JUCER_XCODE_MAC_F6D2F4CF=1",
					"JUCE_APP_VERSION=1.0.0",
					"JUCE_APP_VERSION_HEX=0x10000",
					"JucePlugin_Build_VST=1",
					"JucePlugin_Build_VST3=0",
					"JucePlugin_Build_AU=0",
					"JucePlugin_Build_AUv3=0",
					"JucePlugin_Build_RTAS=0",
					"JucePlugin_Build_AAX=0",
					"JucePlugin_Build_Standalone=0", );
				GCC_VERSION = com.apple.compilers.llvm.clang.1_0;
				GENERATE_PKGINFO_FILE = YES;
				HEADER_SEARCH_PATHS = ("../../JuceLibraryCode", "../../JuceLibraryCode/modules", "../../JuceLibraryCode/modules/juce_audio_plugin_client", "$(inherited)");
				INFOPLIST_FILE = Info-VST.plist;
				INFOPLIST_PREPROCESS = NO;
				INSTALL_PATH = "$(HOME)/Library/Audio/Plug-Ins/VST/";
				LIBRARY_STYLE = Bundle;
				MACOSX_DEPLOYMENT_TARGET = 10.11;
				MACOSX_DEPLOYMENT_TARGET_ppc = 10.4;
				OTHER_LDFLAGS = "-bundle -lVanillaJuce";
				PRODUCT_BUNDLE_IDENTIFIER = com.yourcompany.VanillaJuce;
				SDKROOT_ppc = macosx10.5;
				USE_HEADERMAP = NO;
				WRAPPER_EXTENSION = vst; }; name = Debug; };
		8FEE76AB7A153C1FAF451133 = {isa = XCBuildConfiguration; buildSettings = {
				CLANG_CXX_LANGUAGE_STANDARD = "c++11";
				CLANG_LINK_OBJC_RUNTIME = NO;
				COMBINE_HIDPI_IMAGES = YES;
				CONFIGURATION_BUILD_DIR = "$(PROJECT_DIR)/build/$(CONFIGURATION)";
				DEAD_CODE_STRIPPING = YES;
				DEPLOYMENT_LOCATION = YES;
				DSTROOT = /;
				GCC_GENERATE_DEBUGGING_SYMBOLS = NO;
				GCC_OPTIMIZATION_LEVEL = 3;
				GCC_PREPROCESSOR_DEFINITIONS = (
					"_NDEBUG=1",
					"NDEBUG=1",
					"JUCER_XCODE_MAC_F6D2F4CF=1",
					"JUCE_APP_VERSION=1.0.0",
					"JUCE_APP_VERSION_HEX=0x10000",
					"JucePlugin_Build_VST=1",
					"JucePlugin_Build_VST3=0",
					"JucePlugin_Build_AU=0",
					"JucePlugin_Build_AUv3=0",
					"JucePlugin_Build_RTAS=0",
					"JucePlugin_Build_AAX=0",
					"JucePlugin_Build_Standalone=0", );
				GCC_SYMBOLS_PRIVATE_EXTERN = YES;
				GCC_VERSION = com.apple.compilers.llvm.clang.1_0;
				GENERATE_PKGINFO_FILE = YES;
				HEADER_SEARCH_PATHS = ("../../JuceLibraryCode", "../../JuceLibraryCode/modules", "../../JuceLibraryCode/modules/juce_audio_plugin_client", "$(inherited)");
				INFOPLIST_FILE = Info-VST.plist;
				INFOPLIST_PREPROCESS = NO;
				INSTALL_PATH = "$(HOME)/Library/Audio/Plug-Ins/VST/";
				LIBRARY_STYLE = Bundle;
				MACOSX_DEPLOYMENT_TARGET = 10.11;
				MACOSX_DEPLOYMENT_TARGET_ppc = 10.4;
				OTHER_LDFLAGS = "-bundle -lVanillaJuce";
				PRODUCT_BUNDLE_IDENTIFIER = com.yourcompany.VanillaJuce;
				SDKROOT_ppc = macosx10.5;
				USE_HEADERMAP = NO;
				WRAPPER_EXTENSION = vst; }; name = Release; };
		AFF6D97440F6084709446499 = {isa = XCBuildConfiguration; buildSettings = {
				CLANG_CXX_LANGUAGE_STANDARD = "c++11";
				CLANG_LINK_OBJC_RUNTIME = NO;
				COMBINE_HIDPI_IMAGES = YES;
				CONFIGURATION_BUILD_DIR = "$(PROJECT_DIR)/build/$(CONFIGURATION)";
				COPY_PHASE_STRIP = NO;
				DEPLOYMENT_LOCATION = YES;
				DSTROOT = /;
				GCC_DYNAMIC_NO_PIC = NO;
				GCC_OPTIMIZATION_LEVEL = 0;
				GCC_PREPROCESSOR_DEFINITIONS = (
					"_DEBUG=1",
					"DEBUG=1",
					"JUCER_XCODE_MAC_F6D2F4CF=1",
					"JUCE_APP_VERSION=1.0.0",
					"JUCE_APP_VERSION_HEX=0x10000",
					"JucePlugin_Build_VST=0",
					"JucePlugin_Build_VST3=0",
					"JucePlugin_Build_AU=1",
					"JucePlugin_Build_AUv3=0",
					"JucePlugin_Build_RTAS=0",
					"JucePlugin_Build_AAX=0",
					"JucePlugin_Build_Standalone=0", );
				GCC_VERSION = com.apple.compilers.llvm.clang.1_0;
				GENERATE_PKGINFO_FILE = YES;
				HEADER_SEARCH_PATHS = ("../../JuceLibraryCode", "../../JuceLibraryCode/modules", "../../JuceLibraryCode/modules/juce_audio_plugin_client", "$(inherited)");
				INFOPLIST_FILE = Info-AU.plist;
				INFOPLIST_PREPROCESS = NO;
				INSTALL_PATH = "$(HOME)/Library/Audio/Plug-Ins/Components/";
				LIBRARY_STYLE = Bundle;
				MACOSX_DEPLOYMENT_TARGET = 10.11;
				MACOSX_DEPLOYMENT_TARGET_ppc = 10.4;
				OTHER_LDFLAGS = "-bundle -lVanillaJuce";
				OTHER_REZFLAGS = "-d ppc_$ppc -d i386_$i386 -d ppc64_$ppc64 -d x86_64_$x86_64 -I /System/Library/Frameworks/CoreServices.framework/Frameworks/CarbonCore.framework/Versions/A/Headers -I \"$(DEVELOPER_DIR)/Extras/CoreAudio/AudioUnits/AUPublic/AUBase\"";
				PRODUCT_BUNDLE_IDENTIFIER = com.yourcompany.VanillaJuce;
				SDKROOT_ppc = macosx10.5;
				USE_HEADERMAP = NO;
				WRAPPER_EXTENSION = component; }; name = Debug; };
		184D4DE02A5BAD70F4A9E790 = {isa = XCBuildConfiguration; buildSettings = {
				CLANG_CXX_LANGUAGE_STANDARD = "c++11";
				CLANG_LINK_OBJC_RUNTIME = NO;
				COMBINE_HIDPI_IMAGES = YES;
				CONFIGURATION_BUILD_DIR = "$(PROJECT_DIR)/build/$(CONFIGURATION)";
				DEAD_CODE_STRIPPING = YES;
				DEPLOYMENT_LOCATION = YES;
				DSTROOT = /;
				GCC_GENERATE_DEBUGGING_SYMBOLS = NO;
				GCC_OPTIMIZATION_LEVEL = 3;
				GCC_PREPROCESSOR_DEFINITIONS = (
					"_NDEBUG=1",
					"NDEBUG=1",
					"JUCER_XCODE_MAC_F6D2F4CF=1",
					"JUCE_APP_VERSION=1.0.0",
					"JUCE_APP_VERSION_HEX=0x10000",
					"JucePlugin_Build_VST=0",
					"JucePlugin_Build_VST3=0",
					"JucePlugin_Build_AU=1",
					"JucePlugin_Build_AUv3=0",
					"JucePlugin_Build_RTAS=0",
					"JucePlugin_Build_AAX=0",
					"JucePlugin_Build_Standalone=0", );
				GCC_SYMBOLS_PRIVATE_EXTERN = YES;
				GCC_VERSION = com.apple.compilers.llvm.clang.1_0;
				GENERATE_PKGINFO_FILE = YES;
				HEADER_SEARCH_PATHS = ("../../JuceLibraryCode", "../../JuceLibraryCode/modules", "../../JuceLibraryCode/modules/juce_audio_plugin_client", "$(inherited)");
				INFOPLIST_FILE = Info-AU.plist;
				INFOPLIST_PREPROCESS = NO;
				INSTALL_PATH = "$(HOME)/Library/Audio/Plug-Ins/Components/";
				LIBRARY_STYLE = Bundle;
				MACOSX_DEPLOYMENT_TARGET = 10.11;
				MACOSX_DEPLOYMENT_TARGET_ppc = 10.4;
				OTHER_LDFLAGS = "-bundle -lVanillaJuce";
				OTHER_REZFLAGS = "-d ppc_$ppc -d i386_$i386 -d ppc64_$ppc64 -d x86_64_$x86_64 -I /System/Library/Frameworks/CoreServices.framework/Frameworks/CarbonCore.framework/Versions/A/Headers -I \"$(DEVELOPER_DIR)/Extras/CoreAudio/AudioUnits/AUPublic/AUBase\"";
				PRODUCT_BUNDLE_IDENTIFIER = com.yourcompany.VanillaJuce;
				SDKROOT_ppc = macosx10.5;
				USE_HEADERMAP = NO;
				WRAPPER_EXTENSION = component; }; name = Release; };
		D619019597BB9A87B941DDEB = {isa = XCBuildConfiguration; buildSettings = {
				CLANG_CXX_LANGUAGE_STANDARD = "c++11";
				CLANG_LINK_OBJC_RUNTIME = NO;
				COMBINE_HIDPI_IMAGES = YES;
				CONFIGURATION_BUILD_DIR = "$(PROJECT_DIR)/build/$(CONFIGURATION)";
				COPY_PHASE_STRIP = NO;
				GCC_DYNAMIC_NO_PIC = NO;
				GCC_OPTIMIZATION_LEVEL = 0;
				GCC_PREPROCESSOR_DEFINITIONS = (
					"_DEBUG=1",
					"DEBUG=1",
					"JUCER_XCODE_MAC_F6D2F4CF=1",
					"JUCE_APP_VERSION=1.0.0",
					"JUCE_APP_VERSION_HEX=0x10000",
					"JucePlugin_Build_VST=1",
					"JucePlugin_Build_VST3=0",
					"JucePlugin_Build_AU=1",
					"JucePlugin_Build_AUv3=0",
					"JucePlugin_Build_RTAS=0",
					"JucePlugin_Build_AAX=0",
					"JucePlugin_Build_Standalone=0",
					"JUCE_SHARED_CODE=1", );
				GCC_VERSION = com.apple.compilers.llvm.clang.1_0;
				HEADER_SEARCH_PATHS = ("../../JuceLibraryCode", "../../JuceLibraryCode/modules", "../../JuceLibraryCode/modules/juce_audio_plugin_client", "$(inherited)");
				INSTALL_PATH = "@executable_path/../Frameworks";
				MACOSX_DEPLOYMENT_TARGET = 10.11;
				MACOSX_DEPLOYMENT_TARGET_ppc = 10.4;
				PRODUCT_BUNDLE_IDENTIFIER = com.yourcompany.VanillaJuce;
				SDKROOT_ppc = macosx10.5;
				USE_HEADERMAP = NO; }; name = Debug; };
		C1B3A2424EAEB230E60B7FE8 = {isa = XCBuildConfiguration; buildSettings = {
				CLANG_CXX_LANGUAGE_STANDARD = "c++11";
				CLANG_LINK_OBJC_RUNTIME = NO;
				COMBINE_HIDPI_IMAGES = YES;
				CONFIGURATION_BUILD_DIR = "$(PROJECT_DIR)/build/$(CONFIGURATION)";
				DEAD_CODE_STRIPPING = YES;
				GCC_GENERATE_DEBUGGING_SYMBOLS = NO;
				GCC_OPTIMIZATION_LEVEL = 3;
				GCC_PREPROCESSOR_DEFINITIONS = (
					"_NDEBUG=1",
					"NDEBUG=1",
					"JUCER_XCODE_MAC_F6D2F4CF=1",
					"JUCE_APP_VERSION=1.0.0",
					"JUCE_APP_VERSION_HEX=0x10000",
					"JucePlugin_Build_VST=1",
					"JucePlugin_Build_VST3=0",
					"JucePlugin_Build_AU=1",
					"JucePlugin_Build_AUv3=0",
					"JucePlugin_Build_RTAS=0",
					"JucePlugin_Build_AAX=0",
					"JucePlugin_Build_Standalone=0",
					"JUCE_SHARED_CODE=1", );
				GCC_SYMBOLS_PRIVATE_EXTERN = YES;
				GCC_VERSION = com.apple.compilers.llvm.clang.1_0;
				HEADER_SEARCH_PATHS = ("../../JuceLibraryCode", "../../JuceLibraryCode/modules", "../../JuceLibraryCode/modules/juce_audio_plugin_client", "$(inherited)");
				INSTALL_PATH = "@executable_path/../Frameworks";
				MACOSX_DEPLOYMENT_TARGET = 10.11;
				MACOSX_DEPLOYMENT_TARGET_ppc = 10.4;
				PRODUCT_BUNDLE_IDENTIFIER = com.yourcompany.VanillaJuce;
				SDKROOT_ppc = macosx10.5;
				USE_HEADERMAP = NO; }; name = Release; };
		DFD1D895648A812C31A87F9D = {isa = XCBuildConfiguration; buildSettings = {
				ALWAYS_SEARCH_USER_PATHS = NO;
				CLANG_WARN_BLOCK_CAPTURE_AUTORELEASING = YES;
				CLANG_WARN_BOOL_CONVERSION = YES;
				CLANG_WARN_COMMA = YES;
				CLANG_WARN_CONSTANT_CONVERSION = YES;
				CLANG_WARN_EMPTY_BODY = YES;
				CLANG_WARN_ENUM_CONVERSION = YES;
				CLANG_WARN_INFINITE_RECURSION = YES;
				CLANG_WARN_INT_CONVERSION = YES;
				CLANG_WARN_NON_LITERAL_NULL_CONVERSION = YES;
				CLANG_WARN_OBJC_LITERAL_CONVERSION = YES;
				CLANG_WARN_RANGE_LOOP_ANALYSIS = YES;
				CLANG_WARN_STRICT_PROTOTYPES = YES;
				CLANG_WARN_SUSPICIOUS_MOVE = YES;
				CLANG_WARN_UNREACHABLE_CODE = YES;
				CLANG_WARN__DUPLICATE_METHOD_MATCH = YES;
				DEBUG_INFORMATION_FORMAT = "dwarf";
				ENABLE_STRICT_OBJC_MSGSEND = YES;
				ENABLE_TESTABILITY = YES;
				GCC_C_LANGUAGE_STANDARD = c11;
				GCC_INLINES_ARE_PRIVATE_EXTERN = YES;
				GCC_MODEL_TUNING = G5;
				GCC_NO_COMMON_BLOCKS = YES;
				GCC_WARN_64_TO_32_BIT_CONVERSION = YES;
				GCC_WARN_ABOUT_RETURN_TYPE = YES;
				GCC_WARN_CHECK_SWITCH_STATEMENTS = YES;
				GCC_WARN_MISSING_PARENTHESES = YES;
				GCC_WARN_NON_VIRTUAL_DESTRUCTOR = YES;
				GCC_WARN_TYPECHECK_CALLS_TO_PRINTF = YES;
				GCC_WARN_UNDECLARED_SELECTOR = YES;
				GCC_WARN_UNINITIALIZED_AUTOS = YES;
				GCC_WARN_UNUSED_FUNCTION = YES;
				GCC_WARN_UNUSED_VARIABLE = YES;
				ONLY_ACTIVE_ARCH = YES;
				PRODUCT_NAME = "VanillaJuce";
				WARNING_CFLAGS = -Wreorder;
				ZERO_LINK = NO; }; name = Debug; };
		1694B30EEC0B51E336947F3C = {isa = XCBuildConfiguration; buildSettings = {
				ALWAYS_SEARCH_USER_PATHS = NO;
				CLANG_WARN_BLOCK_CAPTURE_AUTORELEASING = YES;
				CLANG_WARN_BOOL_CONVERSION = YES;
				CLANG_WARN_COMMA = YES;
				CLANG_WARN_CONSTANT_CONVERSION = YES;
				CLANG_WARN_EMPTY_BODY = YES;
				CLANG_WARN_ENUM_CONVERSION = YES;
				CLANG_WARN_INFINITE_RECURSION = YES;
				CLANG_WARN_INT_CONVERSION = YES;
				CLANG_WARN_NON_LITERAL_NULL_CONVERSION = YES;
				CLANG_WARN_OBJC_LITERAL_CONVERSION = YES;
				CLANG_WARN_RANGE_LOOP_ANALYSIS = YES;
				CLANG_WARN_STRICT_PROTOTYPES = YES;
				CLANG_WARN_SUSPICIOUS_MOVE = YES;
				CLANG_WARN_UNREACHABLE_CODE = YES;
				CLANG_WARN__DUPLICATE_METHOD_MATCH = YES;
				DEBUG_INFORMATION_FORMAT = "dwarf";
				ENABLE_STRICT_OBJC_MSGSEND = YES;
				GCC_C_LANGUAGE_STANDARD = c11;
				GCC_INLINES_ARE_PRIVATE_EXTERN = YES;
				GCC_MODEL_TUNING = G5;
				GCC_NO_COMMON_BLOCKS = YES;
				GCC_WARN_64_TO_32_BIT_CONVERSION = YES;
				GCC_WARN_ABOUT_RETURN_TYPE = YES;
				GCC_WARN_CHECK_SWITCH_STATEMENTS = YES;
				GCC_WARN_MISSING_PARENTHESES = YES;
				GCC_WARN_NON_VIRTUAL_DESTRUCTOR = YES;
				GCC_WARN_TYPECHECK_CALLS_TO_PRINTF = YES;
				GCC_WARN_UNDECLARED_SELECTOR = YES;
				GCC_WARN_UNINITIALIZED_AUTOS = YES;
				GCC_WARN_UNUSED_FUNCTION = YES;
				GCC_WARN_UNUSED_VARIABLE = YES;
				PRODUCT_NAME = "VanillaJuce";
				WARNING_CFLAGS = -Wreorder;
				ZERO_LINK = NO; }; name = Release; };
		0E4A1B788C0D080655DD65B1 = {isa = PBXTargetDependency; target = 7CEB74A4A8D1F17529A8C84D; };
		326F82C141FABFD4DB5FCEE9 = {isa = PBXTargetDependency; target = 16FDE3FFFA4508B67CFB33B4; };
		F0255C40E7B7C4EC71CB1E04 = {isa = PBXTargetDependency; target = 720B1CE19A235F038F603388; };
		8A2E15E5068D711A4E40C50B = {isa = XCConfigurationList; buildConfigurations = (
					DFD1D895648A812C31A87F9D,
					1694B30EEC0B51E336947F3C, ); defaultConfigurationIsVisible = 0; defaultConfigurationName = Debug; };
		63653AF2CF29D55F5DF82ED1 = {isa = XCConfigurationList; buildConfigurations = (
					AE7F0B2BF8781497CC602513,
					F4547C8113D325AE0ABE2E0D, ); defaultConfigurationIsVisible = 0; defaultConfigurationName = Debug; };
		86D9F9C7456D5240382E964F = {isa = PBXAggregateTarget; buildConfigurationList = 63653AF2CF29D55F5DF82ED1; buildPhases = (  ); buildRules = ( ); dependencies = (
					0E4A1B788C0D080655DD65B1,
					326F82C141FABFD4DB5FCEE9,
					F0255C40E7B7C4EC71CB1E04, ); name = "VanillaJuce - All"; productName = VanillaJuce; };
		31F9D1639C542AA14F2B13E2 = {isa = XCConfigurationList; buildConfigurations = (
					2832D1F220211ED9AF8779D2,
					8FEE76AB7A153C1FAF451133, ); defaultConfigurationIsVisible = 0; defaultConfigurationName = Debug; };
		4E77AC977CC5ECD30D287CB7 = {isa = PBXResourcesBuildPhase; buildActionMask = 2147483647; files = (
					7DAE44DA96497E3361158582, ); runOnlyForDeploymentPostprocessing = 0; };
		750A2B42F28153382EBDF3B6 = {isa = PBXSourcesBuildPhase; buildActionMask = 2147483647; files = (
					709F0065320EDD6FE28E55FA, ); runOnlyForDeploymentPostprocessing = 0; };
		3AC3B0D8B263FC9E1841E840 = {isa = PBXFrameworksBuildPhase; buildActionMask = 2147483647; files = (
					F2EA08944F9E81938A6D635C,
					F2ED9934C2C78B7E8AA56E3E,
					BD3C008703645FC3FD4BDA07,
					73F2EB5FE1E8C389F54EED0B,
					2DD2A631A1D05CBE9ABA05A2,
					1A3E961E73D6F21880884E9C,
					B865AA193904F843D62A4708,
					3D598A475279380532D2CB11,
					954FC17C90939466F2642FD1, ); runOnlyForDeploymentPostprocessing = 0; };
		7CEB74A4A8D1F17529A8C84D = {isa = PBXNativeTarget; buildConfigurationList = 31F9D1639C542AA14F2B13E2; buildPhases = (
					4E77AC977CC5ECD30D287CB7,
					750A2B42F28153382EBDF3B6,
					3AC3B0D8B263FC9E1841E840, ); buildRules = ( ); dependencies = (
					F0255C40E7B7C4EC71CB1E04, ); name = "VanillaJuce - VST"; productName = VanillaJuce; productReference = C46BDDD9F69BB7A5E1D22C87; productType = "com.apple.product-type.bundle"; };
		D1ADA25BB029F6FADB974CCB = {isa = XCConfigurationList; buildConfigurations = (
					AFF6D97440F6084709446499,
					184D4DE02A5BAD70F4A9E790, ); defaultConfigurationIsVisible = 0; defaultConfigurationName = Debug; };
		92159441F075EB0DDBE83FFB = {isa = PBXResourcesBuildPhase; buildActionMask = 2147483647; files = (
					7DAE44DA96497E3361158582, ); runOnlyForDeploymentPostprocessing = 0; };
		EF480A93491B5C9372C935A7 = {isa = PBXRezBuildPhase; buildActionMask = 2147483647; files = (
					F8EB5E061FB1A7B64F95B718, ); runOnlyForDeploymentPostprocessing = 0; };
		3A53BD391BC0D81675F154A6 = {isa = PBXSourcesBuildPhase; buildActionMask = 2147483647; files = (
					E689BB714FA87B0DF43C2665,
					390BAE4DEB5E427BD4738E6B, ); runOnlyForDeploymentPostprocessing = 0; };
		AC585BF6A5D93B98BEB4F7B0 = {isa = PBXFrameworksBuildPhase; buildActionMask = 2147483647; files = (
					F2EA08944F9E81938A6D635C,
					F2ED9934C2C78B7E8AA56E3E,
					EA250A11063BEC4F5A729EE4,
					BD3C008703645FC3FD4BDA07,
					73F2EB5FE1E8C389F54EED0B,
					2DD2A631A1D05CBE9ABA05A2,
					56C6222C487878BBF96D5072,
					1A3E961E73D6F21880884E9C,
					B865AA193904F843D62A4708,
					3D598A475279380532D2CB11,
					954FC17C90939466F2642FD1, ); runOnlyForDeploymentPostprocessing = 0; };
		16FDE3FFFA4508B67CFB33B4 = {isa = PBXNativeTarget; buildConfigurationList = D1ADA25BB029F6FADB974CCB; buildPhases = (
					92159441F075EB0DDBE83FFB,
					EF480A93491B5C9372C935A7,
					3A53BD391BC0D81675F154A6,
					AC585BF6A5D93B98BEB4F7B0, ); buildRules = ( ); dependencies = (
					F0255C40E7B7C4EC71CB1E04, ); name = "VanillaJuce - AU"; productName = VanillaJuce; productReference = 95782E3F084A4C76DB7ED724; productType = "com.apple.product-type.bundle"; };
		EA0778AD6BBBE9190827F207 = {isa = XCConfigurationList; buildConfigurations = (
					D619019597BB9A87B941DDEB,
					C1B3A2424EAEB230E60B7FE8, ); defaultConfigurationIsVisible = 0; defaultConfigurationName = Debug; };
		7E5A49364B41AAA1888682DE = {isa = PBXSourcesBuildPhase; buildActionMask = 2147483647; files = (
					FF5FD6B3EB2F99CE760D495A,
					772FC74655BBAAC753ED6A5D,
					0DC153623350AF7201D357CD,
					634D898D9347B408D3B17CEF,
					A3BF4A90A7F3B8682039D95A,
					9A8EE712F0A3A4F3CF8AA37A,
					BCE36E40F4B97D0F31A1D76A,
					2EDF9899DAF4005523E2D72D,
					9187FCEEA4DE208017474763,
					210FFE008A62E3B7289C1BC3,
					2A85855C4B4B2E781EF9C730,
					660F39D9E6905A2E3637F9E1,
					69CBE4AC5CE68A00D7930094,
					CE46D5987FAF2A20FC44DE8B,
					BB9887A35A5ECFE1F434F5FB,
					8B8DF75EE75F49830A14001C,
					636515E8717C05024C3A482D,
					FAA10F3E53B5C8A9898CD976,
					D1681FB18B9CC51CE3332E14,
					C8A48A85B032C560F36A7A61,
					6B60E33AFA21954F74550C00,
					71B5DB58D4F58BB6F4F2AA0F,
					D9B19FE5267EAF1D3038B735,
					A74BBA2B39B4EF6F2EC7A6F8, ); runOnlyForDeploymentPostprocessing = 0; };
		720B1CE19A235F038F603388 = {isa = PBXNativeTarget; buildConfigurationList = EA0778AD6BBBE9190827F207; buildPhases = (
					7E5A49364B41AAA1888682DE, ); buildRules = ( ); dependencies = (  ); name = "VanillaJuce - Shared Code"; productName = VanillaJuce; productReference = CFDF8A75136DC31120BD155A; productType = "com.apple.product-type.library.static"; };
		A015C1A095AAB7F97D4B6C6C = {isa = PBXProject; buildConfigurationList = 8A2E15E5068D711A4E40C50B; attributes = { LastUpgradeCheck = 0830; TargetAttributes = { 86D9F9C7456D5240382E964F = { SystemCapabilities = {com.apple.ApplicationGroups.iOS = { enabled = 0; }; com.apple.InAppPurchase = { enabled = 0; }; com.apple.InterAppAudio = { enabled = 0; }; com.apple.Push = { enabled = 0; }; com.apple.Sandbox = { enabled = 0; }; }; };7CEB74A4A8D1F17529A8C84D = { SystemCapabilities = {com.apple.ApplicationGroups.iOS = { enabled = 0; }; com.apple.InAppPurchase = { enabled = 0; }; com.apple.InterAppAudio = { enabled = 0; }; com.apple.Push = { enabled = 0; }; com.apple.Sandbox = { enabled = 0; }; }; };16FDE3FFFA4508B67CFB33B4 = { SystemCapabilities = {com.apple.ApplicationGroups.iOS = { enabled = 0; }; com.apple.InAppPurchase = { enabled = 0; }; com.apple.InterAppAudio = { enabled = 0; }; com.apple.Push = { enabled = 0; }; com.apple.Sandbox = { enabled = 0; }; }; };720B1CE19A235F038F603388 = { SystemCapabilities = {com.apple.ApplicationGroups.iOS = { enabled = 0; }; com.apple.InAppPurchase = { enabled = 0; }; com.apple.InterAppAudio = { enabled = 0; }; com.apple.Push = { enabled = 0; }; com.apple.Sandbox = { enabled = 0; }; }; }; }; }; compatibilityVersion = "Xcode 3.2"; hasScannedForEncodings = 0; mainGroup = 1D20EC05B1CE0F0DDC93FCB7; projectDirPath = ""; projectRoot = ""; targets = (86D9F9C7456D5240382E964F, 7CEB74A4A8D1F17529A8C84D, 16FDE3FFFA4508B67CFB33B4, 720B1CE19A235F038F603388); };
	};
	rootObject = A015C1A095AAB7F97D4B6C6C;
}
